// !$*UTF8*$!
{
	archiveVersion = 1;
	classes = {
	};
	objectVersion = 48;
	objects = {

/* Begin PBXBuildFile section */
		DA28DCF41FCBFBDD0010EA11 /* main.m in Sources */ = {isa = PBXBuildFile; fileRef = DA28DCF31FCBFBDD0010EA11 /* main.m */; };
		DA28DCFC1FCBFC9D0010EA11 /* MathTest.m in Sources */ = {isa = PBXBuildFile; fileRef = DA28DCFB1FCBFC9D0010EA11 /* MathTest.m */; };
		DA28DCFF1FCC00980010EA11 /* ZZDecimalNumberHandle.m in Sources */ = {isa = PBXBuildFile; fileRef = DA28DCFE1FCC00980010EA11 /* ZZDecimalNumberHandle.m */; };
/* End PBXBuildFile section */

/* Begin PBXCopyFilesBuildPhase section */
		DA28DCEE1FCBFBDD0010EA11 /* CopyFiles */ = {
			isa = PBXCopyFilesBuildPhase;
			buildActionMask = 2147483647;
			dstPath = /usr/share/man/man1/;
			dstSubfolderSpec = 0;
			files = (
			);
			runOnlyForDeploymentPostprocessing = 1;
		};
/* End PBXCopyFilesBuildPhase section */

/* Begin PBXFileReference section */
		DA28DCF01FCBFBDD0010EA11 /* Demo */ = {isa = PBXFileReference; explicitFileType = "compiled.mach-o.executable"; includeInIndex = 0; path = Demo; sourceTree = BUILT_PRODUCTS_DIR; };
		DA28DCF31FCBFBDD0010EA11 /* main.m */ = {isa = PBXFileReference; lastKnownFileType = sourcecode.c.objc; path = main.m; sourceTree = "<group>"; };
		DA28DCFA1FCBFC9D0010EA11 /* MathTest.h */ = {isa = PBXFileReference; lastKnownFileType = sourcecode.c.h; path = MathTest.h; sourceTree = "<group>"; };
		DA28DCFB1FCBFC9D0010EA11 /* MathTest.m */ = {isa = PBXFileReference; lastKnownFileType = sourcecode.c.objc; path = MathTest.m; sourceTree = "<group>"; };
		DA28DCFD1FCC00980010EA11 /* ZZDecimalNumberHandle.h */ = {isa = PBXFileReference; lastKnownFileType = sourcecode.c.h; path = ZZDecimalNumberHandle.h; sourceTree = "<group>"; };
		DA28DCFE1FCC00980010EA11 /* ZZDecimalNumberHandle.m */ = {isa = PBXFileReference; lastKnownFileType = sourcecode.c.objc; path = ZZDecimalNumberHandle.m; sourceTree = "<group>"; };
/* End PBXFileReference section */

/* Begin PBXFrameworksBuildPhase section */
		DA28DCED1FCBFBDD0010EA11 /* Frameworks */ = {
			isa = PBXFrameworksBuildPhase;
			buildActionMask = 2147483647;
			files = (
			);
			runOnlyForDeploymentPostprocessing = 0;
		};
/* End PBXFrameworksBuildPhase section */

/* Begin PBXGroup section */
		DA28DCE71FCBFBDD0010EA11 = {
			isa = PBXGroup;
			children = (
				DA28DCF21FCBFBDD0010EA11 /* Demo */,
				DA28DCF11FCBFBDD0010EA11 /* Products */,
			);
			sourceTree = "<group>";
		};
		DA28DCF11FCBFBDD0010EA11 /* Products */ = {
			isa = PBXGroup;
			children = (
				DA28DCF01FCBFBDD0010EA11 /* Demo */,
			);
			name = Products;
			sourceTree = "<group>";
		};
		DA28DCF21FCBFBDD0010EA11 /* Demo */ = {
			isa = PBXGroup;
			children = (
				DA28DCF31FCBFBDD0010EA11 /* main.m */,
				DA28DCFA1FCBFC9D0010EA11 /* MathTest.h */,
				DA28DCFB1FCBFC9D0010EA11 /* MathTest.m */,
				DA28DD001FCC00C30010EA11 /* ZZDecimalNumberHandle */,
			);
			path = Demo;
			sourceTree = "<group>";
		};
		DA28DD001FCC00C30010EA11 /* ZZDecimalNumberHandle */ = {
			isa = PBXGroup;
			children = (
				DA28DCFD1FCC00980010EA11 /* ZZDecimalNumberHandle.h */,
				DA28DCFE1FCC00980010EA11 /* ZZDecimalNumberHandle.m */,
			);
			path = ZZDecimalNumberHandle;
			sourceTree = "<group>";
		};
/* End PBXGroup section */

/* Begin PBXNativeTarget section */
		DA28DCEF1FCBFBDD0010EA11 /* Demo */ = {
			isa = PBXNativeTarget;
			buildConfigurationList = DA28DCF71FCBFBDD0010EA11 /* Build configuration list for PBXNativeTarget "Demo" */;
			buildPhases = (
				DA28DCEC1FCBFBDD0010EA11 /* Sources */,
				DA28DCED1FCBFBDD0010EA11 /* Frameworks */,
				DA28DCEE1FCBFBDD0010EA11 /* CopyFiles */,
			);
			buildRules = (
			);
			dependencies = (
			);
			name = Demo;
			productName = Demo;
			productReference = DA28DCF01FCBFBDD0010EA11 /* Demo */;
			productType = "com.apple.product-type.tool";
		};
/* End PBXNativeTarget section */

/* Begin PBXProject section */
		DA28DCE81FCBFBDD0010EA11 /* Project object */ = {
			isa = PBXProject;
			attributes = {
				LastUpgradeCheck = 0900;
				ORGANIZATIONNAME = "liuxing8807@126.com";
				TargetAttributes = {
					DA28DCEF1FCBFBDD0010EA11 = {
						CreatedOnToolsVersion = 9.0;
						ProvisioningStyle = Automatic;
					};
				};
			};
			buildConfigurationList = DA28DCEB1FCBFBDD0010EA11 /* Build configuration list for PBXProject "Demo" */;
			compatibilityVersion = "Xcode 8.0";
			developmentRegion = en;
			hasScannedForEncodings = 0;
			knownRegions = (
				en,
			);
			mainGroup = DA28DCE71FCBFBDD0010EA11;
			productRefGroup = DA28DCF11FCBFBDD0010EA11 /* Products */;
			projectDirPath = "";
			projectRoot = "";
			targets = (
				DA28DCEF1FCBFBDD0010EA11 /* Demo */,
			);
		};
/* End PBXProject section */

/* Begin PBXSourcesBuildPhase section */
		DA28DCEC1FCBFBDD0010EA11 /* Sources */ = {
			isa = PBXSourcesBuildPhase;
			buildActionMask = 2147483647;
			files = (
				DA28DCF41FCBFBDD0010EA11 /* main.m in Sources */,
				DA28DCFF1FCC00980010EA11 /* ZZDecimalNumberHandle.m in Sources */,
				DA28DCFC1FCBFC9D0010EA11 /* MathTest.m in Sources */,
			);
			runOnlyForDeploymentPostprocessing = 0;
		};
/* End PBXSourcesBuildPhase section */

/* Begin XCBuildConfiguration section */
		DA28DCF51FCBFBDD0010EA11 /* Debug */ = {
			isa = XCBuildConfiguration;
			buildSettings = {
				ALWAYS_SEARCH_USER_PATHS = NO;
				CLANG_ANALYZER_NONNULL = YES;
				CLANG_ANALYZER_NUMBER_OBJECT_CONVERSION = YES_AGGRESSIVE;
				CLANG_CXX_LANGUAGE_STANDARD = "gnu++14";
				CLANG_CXX_LIBRARY = "libc++";
				CLANG_ENABLE_MODULES = YES;
				CLANG_ENABLE_OBJC_ARC = YES;
				CLANG_WARN_BLOCK_CAPTURE_AUTORELEASING = YES;
				CLANG_WARN_BOOL_CONVERSION = YES;
				CLANG_WARN_COMMA = YES;
				CLANG_WARN_CONSTANT_CONVERSION = YES;
				CLANG_WARN_DIRECT_OBJC_ISA_USAGE = YES_ERROR;
				CLANG_WARN_DOCUMENTATION_COMMENTS = YES;
				CLANG_WARN_EMPTY_BODY = YES;
				CLANG_WARN_ENUM_CONVERSION = YES;
				CLANG_WARN_INFINITE_RECURSION = YES;
				CLANG_WARN_INT_CONVERSION = YES;
				CLANG_WARN_NON_LITERAL_NULL_CONVERSION = YES;
				CLANG_WARN_OBJC_LITERAL_CONVERSION = YES;
				CLANG_WARN_OBJC_ROOT_CLASS = YES_ERROR;
				CLANG_WARN_RANGE_LOOP_ANALYSIS = YES;
				CLANG_WARN_STRICT_PROTOTYPES = YES;
				CLANG_WARN_SUSPICIOUS_MOVE = YES;
				CLANG_WARN_UNGUARDED_AVAILABILITY = YES_AGGRESSIVE;
				CLANG_WARN_UNREACHABLE_CODE = YES;
				CLANG_WARN__DUPLICATE_METHOD_MATCH = YES;
				CODE_SIGN_IDENTITY = "-";
				COPY_PHASE_STRIP = NO;
				DEBUG_INFORMATION_FORMAT = dwarf;
				ENABLE_STRICT_OBJC_MSGSEND = YES;
				ENABLE_TESTABILITY = YES;
				GCC_C_LANGUAGE_STANDARD = gnu11;
				GCC_DYNAMIC_NO_PIC = NO;
				GCC_NO_COMMON_BLOCKS = YES;
				GCC_OPTIMIZATION_LEVEL = 0;
				GCC_PREPROCESSOR_DEFINITIONS = (
					"DEBUG=1",
					"$(inherited)",
				);
				GCC_WARN_64_TO_32_BIT_CONVERSION = YES;
				GCC_WARN_ABOUT_RETURN_TYPE = YES_ERROR;
				GCC_WARN_UNDECLARED_SELECTOR = YES;
				GCC_WARN_UNINITIALIZED_AUTOS = YES_AGGRESSIVE;
				GCC_WARN_UNUSED_FUNCTION = YES;
				GCC_WARN_UNUSED_VARIABLE = YES;
				MACOSX_DEPLOYMENT_TARGET = 10.13;
				MTL_ENABLE_DEBUG_INFO = YES;
				ONLY_ACTIVE_ARCH = YES;
				SDKROOT = macosx;
			};
			name = Debug;
		};
		DA28DCF61FCBFBDD0010EA11 /* Release */ = {
			isa = XCBuildConfiguration;
			buildSettings = {
				ALWAYS_SEARCH_USER_PATHS = NO;
				CLANG_ANALYZER_NONNULL = YES;
				CLANG_ANALYZER_NUMBER_OBJECT_CONVERSION = YES_AGGRESSIVE;
				CLANG_CXX_LANGUAGE_STANDARD = "gnu++14";
				CLANG_CXX_LIBRARY = "libc++";
				CLANG_ENABLE_MODULES = YES;
				CLANG_ENABLE_OBJC_ARC = YES;
				CLANG_WARN_BLOCK_CAPTURE_AUTORELEASING = YES;
				CLANG_WARN_BOOL_CONVERSION = YES;
				CLANG_WARN_COMMA = YES;
				CLANG_WARN_CONSTANT_CONVERSION = YES;
				CLANG_WARN_DIRECT_OBJC_ISA_USAGE = YES_ERROR;
				CLANG_WARN_DOCUMENTATION_COMMENTS = YES;
				CLANG_WARN_EMPTY_BODY = YES;
				CLANG_WARN_ENUM_CONVERSION = YES;
				CLANG_WARN_INFINITE_RECURSION = YES;
				CLANG_WARN_INT_CONVERSION = YES;
				CLANG_WARN_NON_LITERAL_NULL_CONVERSION = YES;
				CLANG_WARN_OBJC_LITERAL_CONVERSION = YES;
				CLANG_WARN_OBJC_ROOT_CLASS = YES_ERROR;
				CLANG_WARN_RANGE_LOOP_ANALYSIS = YES;
				CLANG_WARN_STRICT_PROTOTYPES = YES;
				CLANG_WARN_SUSPICIOUS_MOVE = YES;
				CLANG_WARN_UNGUARDED_AVAILABILITY = YES_AGGRESSIVE;
				CLANG_WARN_UNREACHABLE_CODE = YES;
				CLANG_WARN__DUPLICATE_METHOD_MATCH = YES;
				CODE_SIGN_IDENTITY = "-";
				COPY_PHASE_STRIP = NO;
				DEBUG_INFORMATION_FORMAT = "dwarf-with-dsym";
				ENABLE_NS_ASSERTIONS = NO;
				ENABLE_STRICT_OBJC_MSGSEND = YES;
				GCC_C_LANGUAGE_STANDARD = gnu11;
				GCC_NO_COMMON_BLOCKS = YES;
				GCC_WARN_64_TO_32_BIT_CONVERSION = YES;
				GCC_WARN_ABOUT_RETURN_TYPE = YES_ERROR;
				GCC_WARN_UNDECLARED_SELECTOR = YES;
				GCC_WARN_UNINITIALIZED_AUTOS = YES_AGGRESSIVE;
				GCC_WARN_UNUSED_FUNCTION = YES;
				GCC_WARN_UNUSED_VARIABLE = YES;
				MACOSX_DEPLOYMENT_TARGET = 10.13;
				MTL_ENABLE_DEBUG_INFO = NO;
				SDKROOT = macosx;
			};
			name = Release;
		};
		DA28DCF81FCBFBDD0010EA11 /* Debug */ = {
			isa = XCBuildConfiguration;
			buildSettings = {
				CODE_SIGN_STYLE = Automatic;
				PRODUCT_NAME = "$(TARGET_NAME)";
			};
			name = Debug;
		};
		DA28DCF91FCBFBDD0010EA11 /* Release */ = {
			isa = XCBuildConfiguration;
			buildSettings = {
				CODE_SIGN_STYLE = Automatic;
				PRODUCT_NAME = "$(TARGET_NAME)";
			};
			name = Release;
		};
/* End XCBuildConfiguration section */

/* Begin XCConfigurationList section */
		DA28DCEB1FCBFBDD0010EA11 /* Build configuration list for PBXProject "Demo" */ = {
			isa = XCConfigurationList;
			buildConfigurations = (
				DA28DCF51FCBFBDD0010EA11 /* Debug */,
				DA28DCF61FCBFBDD0010EA11 /* Release */,
			);
			defaultConfigurationIsVisible = 0;
			defaultConfigurationName = Release;
		};
		DA28DCF71FCBFBDD0010EA11 /* Build configuration list for PBXNativeTarget "Demo" */ = {
			isa = XCConfigurationList;
			buildConfigurations = (
				DA28DCF81FCBFBDD0010EA11 /* Debug */,
				DA28DCF91FCBFBDD0010EA11 /* Release */,
			);
			defaultConfigurationIsVisible = 0;
			defaultConfigurationName = Release;
		};
/* End XCConfigurationList section */
	};
	rootObject = DA28DCE81FCBFBDD0010EA11 /* Project object */;
}
